
Microsoft Visual Studio Solution File, Format Version 12.00
# Visual Studio 14
VisualStudioVersion = 14.0.25420.1
MinimumVisualStudioVersion = 10.0.40219.1
Project("{8BC9CEB8-8B4A-11D0-8D11-00A0C91BC942}") = "complex", "complex\complex.vcxproj", "{E314D6A6-28A0-4BEB-95C3-17279FC9EAFB}"
EndProject
Project("{8BC9CEB8-8B4A-11D0-8D11-00A0C91BC942}") = "rational", "rational\rational.vcxproj", "{190D2A20-8298-4AED-B17D-AF24ABE5828A}"
EndProject
Global
	GlobalSection(SolutionConfigurationPlatforms) = preSolution
		Debug|x64 = Debug|x64
		Debug|x86 = Debug|x86
		Release|x64 = Release|x64
		Release|x86 = Release|x86
	EndGlobalSection
	GlobalSection(ProjectConfigurationPlatforms) = postSolution
		{E314D6A6-28A0-4BEB-95C3-17279FC9EAFB}.Debug|x64.ActiveCfg = Debug|x64
		{E314D6A6-28A0-4BEB-95C3-17279FC9EAFB}.Debug|x64.Build.0 = Debug|x64
		{E314D6A6-28A0-4BEB-95C3-17279FC9EAFB}.Debug|x86.ActiveCfg = Debug|Win32
		{E314D6A6-28A0-4BEB-95C3-17279FC9EAFB}.Debug|x86.Build.0 = Debug|Win32
		{E314D6A6-28A0-4BEB-95C3-17279FC9EAFB}.Release|x64.ActiveCfg = Release|x64
		{E314D6A6-28A0-4BEB-95C3-17279FC9EAFB}.Release|x64.Build.0 = Release|x64
		{E314D6A6-28A0-4BEB-95C3-17279FC9EAFB}.Release|x86.ActiveCfg = Release|Win32
		{E314D6A6-28A0-4BEB-95C3-17279FC9EAFB}.Release|x86.Build.0 = Release|Win32
		{190D2A20-8298-4AED-B17D-AF24ABE5828A}.Debug|x64.ActiveCfg = Debug|x64
		{190D2A20-8298-4AED-B17D-AF24ABE5828A}.Debug|x64.Build.0 = Debug|x64
		{190D2A20-8298-4AED-B17D-AF24ABE5828A}.Debug|x86.ActiveCfg = Debug|Win32
		{190D2A20-8298-4AED-B17D-AF24ABE5828A}.Debug|x86.Build.0 = Debug|Win32
		{190D2A20-8298-4AED-B17D-AF24ABE5828A}.Release|x64.ActiveCfg = Release|x64
		{190D2A20-8298-4AED-B17D-AF24ABE5828A}.Release|x64.Build.0 = Release|x64
		{190D2A20-8298-4AED-B17D-AF24ABE5828A}.Release|x86.ActiveCfg = Release|Win32
		{190D2A20-8298-4AED-B17D-AF24ABE5828A}.Release|x86.Build.0 = Release|Win32
	EndGlobalSection
	GlobalSection(SolutionProperties) = preSolution
		HideSolutionNode = FALSE
	EndGlobalSection
EndGlobal
